
Microsoft Visual Studio Solution File, Format Version 12.00
# Visual Studio Version 17
VisualStudioVersion = 17.10.35122.118
MinimumVisualStudioVersion = 10.0.40219.1
Project("{FAE04EC0-301F-11D3-BF4B-00C04F79EFBC}") = "OthelloLogic", "OthelloLogic\OthelloLogic.csproj", "{6D21BBC3-E289-47A2-9EE4-12999F3DCB27}"
EndProject
Project("{FAE04EC0-301F-11D3-BF4B-00C04F79EFBC}") = "OthelloUI", "OthelloUI\OthelloUI.csproj", "{C012955C-BACD-4AF5-A4BC-896D8D8B38AD}"
EndProject
Global
	GlobalSection(SolutionConfigurationPlatforms) = preSolution
		Debug|Any CPU = Debug|Any CPU
		Release|Any CPU = Release|Any CPU
	EndGlobalSection
	GlobalSection(ProjectConfigurationPlatforms) = postSolution
		{6D21BBC3-E289-47A2-9EE4-12999F3DCB27}.Debug|Any CPU.ActiveCfg = Debug|Any CPU
		{6D21BBC3-E289-47A2-9EE4-12999F3DCB27}.Debug|Any CPU.Build.0 = Debug|Any CPU
		{6D21BBC3-E289-47A2-9EE4-12999F3DCB27}.Release|Any CPU.ActiveCfg = Release|Any CPU
		{6D21BBC3-E289-47A2-9EE4-12999F3DCB27}.Release|Any CPU.Build.0 = Release|Any CPU
		{C012955C-BACD-4AF5-A4BC-896D8D8B38AD}.Debug|Any CPU.ActiveCfg = Debug|Any CPU
		{C012955C-BACD-4AF5-A4BC-896D8D8B38AD}.Debug|Any CPU.Build.0 = Debug|Any CPU
		{C012955C-BACD-4AF5-A4BC-896D8D8B38AD}.Release|Any CPU.ActiveCfg = Release|Any CPU
		{C012955C-BACD-4AF5-A4BC-896D8D8B38AD}.Release|Any CPU.Build.0 = Release|Any CPU
	EndGlobalSection
	GlobalSection(SolutionProperties) = preSolution
		HideSolutionNode = FALSE
	EndGlobalSection
	GlobalSection(ExtensibilityGlobals) = postSolution
		SolutionGuid = {1A2D819F-8BFE-4A45-B149-2C2709AADEC4}
	EndGlobalSection
EndGlobal
